
Microsoft Visual Studio Solution File, Format Version 12.00
# Visual Studio Version 16
VisualStudioVersion = 16.0.31624.102
MinimumVisualStudioVersion = 10.0.40219.1
Project("{888888A0-9F3D-457C-B088-3A5042F75D52}") = "app", "app.pyproj", "{D39D77BD-D9A4-450F-8232-D897E81B2D60}"
EndProject
Global
	GlobalSection(SolutionConfigurationPlatforms) = preSolution
		Debug|Any CPU = Debug|Any CPU
		Release|Any CPU = Release|Any CPU
	EndGlobalSection
	GlobalSection(ProjectConfigurationPlatforms) = postSolution
		{D39D77BD-D9A4-450F-8232-D897E81B2D60}.Debug|Any CPU.ActiveCfg = Debug|Any CPU
		{D39D77BD-D9A4-450F-8232-D897E81B2D60}.Debug|Any CPU.Build.0 = Debug|Any CPU
		{D39D77BD-D9A4-450F-8232-D897E81B2D60}.Release|Any CPU.ActiveCfg = Release|Any CPU
		{D39D77BD-D9A4-450F-8232-D897E81B2D60}.Release|Any CPU.Build.0 = Release|Any CPU
	EndGlobalSection
	GlobalSection(SolutionProperties) = preSolution
		HideSolutionNode = FALSE
	EndGlobalSection
	GlobalSection(ExtensibilityGlobals) = postSolution
		SolutionGuid = {F14B0A35-10C7-4D0B-8A85-879C75FC4B8A}
	EndGlobalSection
EndGlobal
